// !$*UTF8*$!
{
	archiveVersion = 1;
	classes = {
	};
	objectVersion = 56;
	objects = {

/* Begin PBXBuildFile section */
		A4003D852A3EC17700D3DC8E /* MainWindowController.swift in Sources */ = {isa = PBXBuildFile; fileRef = A4003D842A3EC17700D3DC8E /* MainWindowController.swift */; };
		A4003D8D2A3F706900D3DC8E /* NoteCellView.swift in Sources */ = {isa = PBXBuildFile; fileRef = A4003D8C2A3F706900D3DC8E /* NoteCellView.swift */; };
		A4003D8E2A3F706900D3DC8E /* NoteCellView.swift in Sources */ = {isa = PBXBuildFile; fileRef = A4003D8C2A3F706900D3DC8E /* NoteCellView.swift */; };
		A4003D932A3FA38900D3DC8E /* SidebarView.xib in Resources */ = {isa = PBXBuildFile; fileRef = A4003D922A3FA38900D3DC8E /* SidebarView.xib */; };
		A4003D952A3FA4D000D3DC8E /* MainViewController.swift in Sources */ = {isa = PBXBuildFile; fileRef = A4003D942A3FA4D000D3DC8E /* MainViewController.swift */; };
		A40A83E32A3A80A300259015 /* ViewPreview.swift in Sources */ = {isa = PBXBuildFile; fileRef = A40A83E22A3A80A300259015 /* ViewPreview.swift */; };
		A40A83E42A3A80A300259015 /* ViewPreview.swift in Sources */ = {isa = PBXBuildFile; fileRef = A40A83E22A3A80A300259015 /* ViewPreview.swift */; };
		A415C00B2A4B96680045A928 /* TrashViewController.swift in Sources */ = {isa = PBXBuildFile; fileRef = A415C00A2A4B96680045A928 /* TrashViewController.swift */; };
		A41B87172A3A76DE000415AD /* AppDelegate.swift in Sources */ = {isa = PBXBuildFile; fileRef = A41B87162A3A76DE000415AD /* AppDelegate.swift */; };
		A41B87192A3A76DE000415AD /* ViewController.swift in Sources */ = {isa = PBXBuildFile; fileRef = A41B87182A3A76DE000415AD /* ViewController.swift */; };
		A41B871E2A3A76DF000415AD /* Assets.xcassets in Resources */ = {isa = PBXBuildFile; fileRef = A41B871D2A3A76DF000415AD /* Assets.xcassets */; };
		A41B87212A3A76DF000415AD /* Main.storyboard in Resources */ = {isa = PBXBuildFile; fileRef = A41B871F2A3A76DF000415AD /* Main.storyboard */; };
		A41B87432A3A7BFA000415AD /* Schreiber.xcdatamodeld in Sources */ = {isa = PBXBuildFile; fileRef = A4E4651E2A35634900DD8B86 /* Schreiber.xcdatamodeld */; };
		A41B87442A3A7BFC000415AD /* DataController.swift in Sources */ = {isa = PBXBuildFile; fileRef = A4E465342A357F1800DD8B86 /* DataController.swift */; };
		A41B87452A3A7BFF000415AD /* NSManagedObjectContext+Helpers.swift in Sources */ = {isa = PBXBuildFile; fileRef = A4E465382A35802400DD8B86 /* NSManagedObjectContext+Helpers.swift */; };
		A41B87462A3A7C02000415AD /* Models.swift in Sources */ = {isa = PBXBuildFile; fileRef = A4E465362A357F6200DD8B86 /* Models.swift */; };
		A41B87482A3A7D47000415AD /* ViewControllerPreview.swift in Sources */ = {isa = PBXBuildFile; fileRef = A41B87472A3A7D47000415AD /* ViewControllerPreview.swift */; };
		A41B87492A3A7E1C000415AD /* ViewControllerPreview.swift in Sources */ = {isa = PBXBuildFile; fileRef = A41B87472A3A7D47000415AD /* ViewControllerPreview.swift */; };
		A41B874C2A3AAA7B000415AD /* SidebarViewController.swift in Sources */ = {isa = PBXBuildFile; fileRef = A41B874A2A3AAA4A000415AD /* SidebarViewController.swift */; };
		A422B73E2A44FED1000BB5F7 /* SidebarView.swift in Sources */ = {isa = PBXBuildFile; fileRef = A422B73C2A44FED1000BB5F7 /* SidebarView.swift */; };
		A4540BD52A472BFB00A656FB /* NotesView.xib in Resources */ = {isa = PBXBuildFile; fileRef = A4003D962A3FA58500D3DC8E /* NotesView.xib */; };
		A45580F02A4517E700EAE94F /* NotesView.swift in Sources */ = {isa = PBXBuildFile; fileRef = A45580EE2A4517E700EAE94F /* NotesView.swift */; };
		A489CBEC2A3BEA6900A26715 /* NoteEditorViewController.swift in Sources */ = {isa = PBXBuildFile; fileRef = A489CBEB2A3BEA6900A26715 /* NoteEditorViewController.swift */; };
		A49FD8392A3FB0DE00F47139 /* NoteEditorView.xib in Resources */ = {isa = PBXBuildFile; fileRef = A49FD8382A3FB0DE00F47139 /* NoteEditorView.xib */; };
		A4B12DF32A3BE3E1002F4E2C /* NotesViewController.swift in Sources */ = {isa = PBXBuildFile; fileRef = A4B12DF22A3BE3E1002F4E2C /* NotesViewController.swift */; };
		A4E465162A35634900DD8B86 /* AppDelegate.swift in Sources */ = {isa = PBXBuildFile; fileRef = A4E465152A35634900DD8B86 /* AppDelegate.swift */; };
		A4E465182A35634900DD8B86 /* SceneDelegate.swift in Sources */ = {isa = PBXBuildFile; fileRef = A4E465172A35634900DD8B86 /* SceneDelegate.swift */; };
		A4E465202A35634900DD8B86 /* Schreiber.xcdatamodeld in Sources */ = {isa = PBXBuildFile; fileRef = A4E4651E2A35634900DD8B86 /* Schreiber.xcdatamodeld */; };
		A4E465222A35634A00DD8B86 /* Assets.xcassets in Resources */ = {isa = PBXBuildFile; fileRef = A4E465212A35634A00DD8B86 /* Assets.xcassets */; };
		A4E465252A35634A00DD8B86 /* LaunchScreen.storyboard in Resources */ = {isa = PBXBuildFile; fileRef = A4E465232A35634A00DD8B86 /* LaunchScreen.storyboard */; };
		A4E4652D2A3569CA00DD8B86 /* SidebarViewController.swift in Sources */ = {isa = PBXBuildFile; fileRef = A4E4652C2A3569CA00DD8B86 /* SidebarViewController.swift */; };
		A4E4652F2A356F1200DD8B86 /* NotesViewController.swift in Sources */ = {isa = PBXBuildFile; fileRef = A4E4652E2A356F1200DD8B86 /* NotesViewController.swift */; };
		A4E465312A3573F400DD8B86 /* NoteEditorController.swift in Sources */ = {isa = PBXBuildFile; fileRef = A4E465302A3573F400DD8B86 /* NoteEditorController.swift */; };
		A4E465352A357F1800DD8B86 /* DataController.swift in Sources */ = {isa = PBXBuildFile; fileRef = A4E465342A357F1800DD8B86 /* DataController.swift */; };
		A4E465372A357F6200DD8B86 /* Models.swift in Sources */ = {isa = PBXBuildFile; fileRef = A4E465362A357F6200DD8B86 /* Models.swift */; };
		A4E465392A35802400DD8B86 /* NSManagedObjectContext+Helpers.swift in Sources */ = {isa = PBXBuildFile; fileRef = A4E465382A35802400DD8B86 /* NSManagedObjectContext+Helpers.swift */; };
		A4E4653B2A36018E00DD8B86 /* RootViewController.swift in Sources */ = {isa = PBXBuildFile; fileRef = A4E4653A2A36018E00DD8B86 /* RootViewController.swift */; };
/* End PBXBuildFile section */

/* Begin PBXFileReference section */
		A4003D842A3EC17700D3DC8E /* MainWindowController.swift */ = {isa = PBXFileReference; lastKnownFileType = sourcecode.swift; path = MainWindowController.swift; sourceTree = "<group>"; };
		A4003D8C2A3F706900D3DC8E /* NoteCellView.swift */ = {isa = PBXFileReference; fileEncoding = 4; lastKnownFileType = sourcecode.swift; path = NoteCellView.swift; sourceTree = "<group>"; };
		A4003D922A3FA38900D3DC8E /* SidebarView.xib */ = {isa = PBXFileReference; lastKnownFileType = file.xib; path = SidebarView.xib; sourceTree = "<group>"; };
		A4003D942A3FA4D000D3DC8E /* MainViewController.swift */ = {isa = PBXFileReference; lastKnownFileType = sourcecode.swift; path = MainViewController.swift; sourceTree = "<group>"; };
		A4003D962A3FA58500D3DC8E /* NotesView.xib */ = {isa = PBXFileReference; lastKnownFileType = file.xib; path = NotesView.xib; sourceTree = "<group>"; };
		A40A83E22A3A80A300259015 /* ViewPreview.swift */ = {isa = PBXFileReference; lastKnownFileType = sourcecode.swift; path = ViewPreview.swift; sourceTree = "<group>"; };
		A415C00A2A4B96680045A928 /* TrashViewController.swift */ = {isa = PBXFileReference; lastKnownFileType = sourcecode.swift; path = TrashViewController.swift; sourceTree = "<group>"; };
		A41B87142A3A76DE000415AD /* Schreiber.app */ = {isa = PBXFileReference; explicitFileType = wrapper.application; includeInIndex = 0; path = Schreiber.app; sourceTree = BUILT_PRODUCTS_DIR; };
		A41B87162A3A76DE000415AD /* AppDelegate.swift */ = {isa = PBXFileReference; lastKnownFileType = sourcecode.swift; path = AppDelegate.swift; sourceTree = "<group>"; };
		A41B87182A3A76DE000415AD /* ViewController.swift */ = {isa = PBXFileReference; lastKnownFileType = sourcecode.swift; path = ViewController.swift; sourceTree = "<group>"; };
		A41B871D2A3A76DF000415AD /* Assets.xcassets */ = {isa = PBXFileReference; lastKnownFileType = folder.assetcatalog; path = Assets.xcassets; sourceTree = "<group>"; };
		A41B87202A3A76DF000415AD /* Base */ = {isa = PBXFileReference; lastKnownFileType = file.storyboard; name = Base; path = Base.lproj/Main.storyboard; sourceTree = "<group>"; };
		A41B87222A3A76DF000415AD /* macOS.entitlements */ = {isa = PBXFileReference; lastKnownFileType = text.plist.entitlements; path = macOS.entitlements; sourceTree = "<group>"; };
		A41B87472A3A7D47000415AD /* ViewControllerPreview.swift */ = {isa = PBXFileReference; lastKnownFileType = sourcecode.swift; path = ViewControllerPreview.swift; sourceTree = "<group>"; };
		A41B874A2A3AAA4A000415AD /* SidebarViewController.swift */ = {isa = PBXFileReference; lastKnownFileType = sourcecode.swift; path = SidebarViewController.swift; sourceTree = "<group>"; };
		A422B73C2A44FED1000BB5F7 /* SidebarView.swift */ = {isa = PBXFileReference; lastKnownFileType = sourcecode.swift; path = SidebarView.swift; sourceTree = "<group>"; };
		A45580EE2A4517E700EAE94F /* NotesView.swift */ = {isa = PBXFileReference; lastKnownFileType = sourcecode.swift; path = NotesView.swift; sourceTree = "<group>"; };
		A489CBEB2A3BEA6900A26715 /* NoteEditorViewController.swift */ = {isa = PBXFileReference; lastKnownFileType = sourcecode.swift; path = NoteEditorViewController.swift; sourceTree = "<group>"; };
		A49FD8382A3FB0DE00F47139 /* NoteEditorView.xib */ = {isa = PBXFileReference; lastKnownFileType = file.xib; path = NoteEditorView.xib; sourceTree = "<group>"; };
		A4B12DF22A3BE3E1002F4E2C /* NotesViewController.swift */ = {isa = PBXFileReference; lastKnownFileType = sourcecode.swift; path = NotesViewController.swift; sourceTree = "<group>"; };
		A4D4816C2A3918F300A96721 /* iOS.entitlements */ = {isa = PBXFileReference; lastKnownFileType = text.plist.entitlements; path = iOS.entitlements; sourceTree = "<group>"; };
		A4E465122A35634900DD8B86 /* Schreiber.app */ = {isa = PBXFileReference; explicitFileType = wrapper.application; includeInIndex = 0; path = Schreiber.app; sourceTree = BUILT_PRODUCTS_DIR; };
		A4E465152A35634900DD8B86 /* AppDelegate.swift */ = {isa = PBXFileReference; lastKnownFileType = sourcecode.swift; path = AppDelegate.swift; sourceTree = "<group>"; };
		A4E465172A35634900DD8B86 /* SceneDelegate.swift */ = {isa = PBXFileReference; lastKnownFileType = sourcecode.swift; path = SceneDelegate.swift; sourceTree = "<group>"; };
		A4E4651F2A35634900DD8B86 /* Schreiber.xcdatamodel */ = {isa = PBXFileReference; lastKnownFileType = wrapper.xcdatamodel; path = Schreiber.xcdatamodel; sourceTree = "<group>"; };
		A4E465212A35634A00DD8B86 /* Assets.xcassets */ = {isa = PBXFileReference; lastKnownFileType = folder.assetcatalog; path = Assets.xcassets; sourceTree = "<group>"; };
		A4E465242A35634A00DD8B86 /* Base */ = {isa = PBXFileReference; lastKnownFileType = file.storyboard; name = Base; path = Base.lproj/LaunchScreen.storyboard; sourceTree = "<group>"; };
		A4E465262A35634A00DD8B86 /* Info.plist */ = {isa = PBXFileReference; lastKnownFileType = text.plist.xml; path = Info.plist; sourceTree = "<group>"; };
		A4E4652C2A3569CA00DD8B86 /* SidebarViewController.swift */ = {isa = PBXFileReference; lastKnownFileType = sourcecode.swift; path = SidebarViewController.swift; sourceTree = "<group>"; };
		A4E4652E2A356F1200DD8B86 /* NotesViewController.swift */ = {isa = PBXFileReference; lastKnownFileType = sourcecode.swift; path = NotesViewController.swift; sourceTree = "<group>"; };
		A4E465302A3573F400DD8B86 /* NoteEditorController.swift */ = {isa = PBXFileReference; lastKnownFileType = sourcecode.swift; path = NoteEditorController.swift; sourceTree = "<group>"; };
		A4E465342A357F1800DD8B86 /* DataController.swift */ = {isa = PBXFileReference; lastKnownFileType = sourcecode.swift; path = DataController.swift; sourceTree = "<group>"; };
		A4E465362A357F6200DD8B86 /* Models.swift */ = {isa = PBXFileReference; lastKnownFileType = sourcecode.swift; path = Models.swift; sourceTree = "<group>"; };
		A4E465382A35802400DD8B86 /* NSManagedObjectContext+Helpers.swift */ = {isa = PBXFileReference; lastKnownFileType = sourcecode.swift; path = "NSManagedObjectContext+Helpers.swift"; sourceTree = "<group>"; };
		A4E4653A2A36018E00DD8B86 /* RootViewController.swift */ = {isa = PBXFileReference; lastKnownFileType = sourcecode.swift; path = RootViewController.swift; sourceTree = "<group>"; };
/* End PBXFileReference section */

/* Begin PBXFrameworksBuildPhase section */
		A41B87112A3A76DE000415AD /* Frameworks */ = {
			isa = PBXFrameworksBuildPhase;
			buildActionMask = 2147483647;
			files = (
			);
			runOnlyForDeploymentPostprocessing = 0;
		};
		A4E4650F2A35634900DD8B86 /* Frameworks */ = {
			isa = PBXFrameworksBuildPhase;
			buildActionMask = 2147483647;
			files = (
			);
			runOnlyForDeploymentPostprocessing = 0;
		};
/* End PBXFrameworksBuildPhase section */

/* Begin PBXGroup section */
		A41B87152A3A76DE000415AD /* macOS */ = {
			isa = PBXGroup;
			children = (
				A4540BD62A472C5900A656FB /* Views */,
				A4540BD42A472BAC00A656FB /* ViewControllers */,
				A41B87162A3A76DE000415AD /* AppDelegate.swift */,
				A41B87182A3A76DE000415AD /* ViewController.swift */,
				A4003D842A3EC17700D3DC8E /* MainWindowController.swift */,
				A41B871D2A3A76DF000415AD /* Assets.xcassets */,
				A41B871F2A3A76DF000415AD /* Main.storyboard */,
				A41B87222A3A76DF000415AD /* macOS.entitlements */,
			);
			path = macOS;
			sourceTree = "<group>";
		};
		A41B87262A3A7776000415AD /* Shared */ = {
			isa = PBXGroup;
			children = (
				A4E4651E2A35634900DD8B86 /* Schreiber.xcdatamodeld */,
				A4E465342A357F1800DD8B86 /* DataController.swift */,
				A4E465382A35802400DD8B86 /* NSManagedObjectContext+Helpers.swift */,
				A4E465362A357F6200DD8B86 /* Models.swift */,
				A41B87472A3A7D47000415AD /* ViewControllerPreview.swift */,
				A40A83E22A3A80A300259015 /* ViewPreview.swift */,
				A4003D8C2A3F706900D3DC8E /* NoteCellView.swift */,
			);
			path = Shared;
			sourceTree = "<group>";
		};
		A4540BD42A472BAC00A656FB /* ViewControllers */ = {
			isa = PBXGroup;
			children = (
				A4003D942A3FA4D000D3DC8E /* MainViewController.swift */,
				A4003D922A3FA38900D3DC8E /* SidebarView.xib */,
				A41B874A2A3AAA4A000415AD /* SidebarViewController.swift */,
				A4003D962A3FA58500D3DC8E /* NotesView.xib */,
				A4B12DF22A3BE3E1002F4E2C /* NotesViewController.swift */,
				A49FD8382A3FB0DE00F47139 /* NoteEditorView.xib */,
				A489CBEB2A3BEA6900A26715 /* NoteEditorViewController.swift */,
			);
			path = ViewControllers;
			sourceTree = "<group>";
		};
		A4540BD62A472C5900A656FB /* Views */ = {
			isa = PBXGroup;
			children = (
				A422B73C2A44FED1000BB5F7 /* SidebarView.swift */,
				A45580EE2A4517E700EAE94F /* NotesView.swift */,
			);
			path = Views;
			sourceTree = "<group>";
		};
		A4ACA3B62A411BBB00460FD9 /* ViewControllers */ = {
			isa = PBXGroup;
			children = (
				A4E4653A2A36018E00DD8B86 /* RootViewController.swift */,
				A4E4652C2A3569CA00DD8B86 /* SidebarViewController.swift */,
				A4E4652E2A356F1200DD8B86 /* NotesViewController.swift */,
				A4E465302A3573F400DD8B86 /* NoteEditorController.swift */,
				A415C00A2A4B96680045A928 /* TrashViewController.swift */,
			);
			path = ViewControllers;
			sourceTree = "<group>";
		};
		A4E465092A35634900DD8B86 = {
			isa = PBXGroup;
			children = (
				A41B87262A3A7776000415AD /* Shared */,
				A4E465142A35634900DD8B86 /* iOS */,
				A41B87152A3A76DE000415AD /* macOS */,
				A4E465132A35634900DD8B86 /* Products */,
			);
			sourceTree = "<group>";
		};
		A4E465132A35634900DD8B86 /* Products */ = {
			isa = PBXGroup;
			children = (
				A4E465122A35634900DD8B86 /* Schreiber.app */,
				A41B87142A3A76DE000415AD /* Schreiber.app */,
			);
			name = Products;
			sourceTree = "<group>";
		};
		A4E465142A35634900DD8B86 /* iOS */ = {
			isa = PBXGroup;
			children = (
				A4ACA3B62A411BBB00460FD9 /* ViewControllers */,
				A4E465152A35634900DD8B86 /* AppDelegate.swift */,
				A4E465172A35634900DD8B86 /* SceneDelegate.swift */,
				A4D4816C2A3918F300A96721 /* iOS.entitlements */,
				A4E465232A35634A00DD8B86 /* LaunchScreen.storyboard */,
				A4E465212A35634A00DD8B86 /* Assets.xcassets */,
				A4E465262A35634A00DD8B86 /* Info.plist */,
			);
			path = iOS;
			sourceTree = "<group>";
		};
/* End PBXGroup section */

/* Begin PBXNativeTarget section */
		A41B87132A3A76DE000415AD /* Schreiber (macOS) */ = {
			isa = PBXNativeTarget;
			buildConfigurationList = A41B87232A3A76DF000415AD /* Build configuration list for PBXNativeTarget "Schreiber (macOS)" */;
			buildPhases = (
				A41B87102A3A76DE000415AD /* Sources */,
				A41B87112A3A76DE000415AD /* Frameworks */,
				A41B87122A3A76DE000415AD /* Resources */,
			);
			buildRules = (
			);
			dependencies = (
			);
			name = "Schreiber (macOS)";
			packageProductDependencies = (
			);
			productName = Schreiber;
			productReference = A41B87142A3A76DE000415AD /* Schreiber.app */;
			productType = "com.apple.product-type.application";
		};
		A4E465112A35634900DD8B86 /* Schreiber (iOS) */ = {
			isa = PBXNativeTarget;
			buildConfigurationList = A4E465292A35634A00DD8B86 /* Build configuration list for PBXNativeTarget "Schreiber (iOS)" */;
			buildPhases = (
				A4E4650E2A35634900DD8B86 /* Sources */,
				A4E4650F2A35634900DD8B86 /* Frameworks */,
				A4E465102A35634900DD8B86 /* Resources */,
			);
			buildRules = (
			);
			dependencies = (
			);
			name = "Schreiber (iOS)";
			productName = Schreiber;
			productReference = A4E465122A35634900DD8B86 /* Schreiber.app */;
			productType = "com.apple.product-type.application";
		};
/* End PBXNativeTarget section */

/* Begin PBXProject section */
		A4E4650A2A35634900DD8B86 /* Project object */ = {
			isa = PBXProject;
			attributes = {
				BuildIndependentTargetsInParallel = 1;
				LastSwiftUpdateCheck = 1430;
				LastUpgradeCheck = 1500;
				TargetAttributes = {
					A41B87132A3A76DE000415AD = {
						CreatedOnToolsVersion = 14.3.1;
					};
					A4E465112A35634900DD8B86 = {
						CreatedOnToolsVersion = 15.0;
					};
				};
			};
			buildConfigurationList = A4E4650D2A35634900DD8B86 /* Build configuration list for PBXProject "Schreiber" */;
			compatibilityVersion = "Xcode 14.0";
			developmentRegion = en;
			hasScannedForEncodings = 0;
			knownRegions = (
				en,
				Base,
			);
			mainGroup = A4E465092A35634900DD8B86;
			packageReferences = (
			);
			productRefGroup = A4E465132A35634900DD8B86 /* Products */;
			projectDirPath = "";
			projectRoot = "";
			targets = (
				A4E465112A35634900DD8B86 /* Schreiber (iOS) */,
				A41B87132A3A76DE000415AD /* Schreiber (macOS) */,
			);
		};
/* End PBXProject section */

/* Begin PBXResourcesBuildPhase section */
		A41B87122A3A76DE000415AD /* Resources */ = {
			isa = PBXResourcesBuildPhase;
			buildActionMask = 2147483647;
			files = (
				A4540BD52A472BFB00A656FB /* NotesView.xib in Resources */,
				A41B871E2A3A76DF000415AD /* Assets.xcassets in Resources */,
				A41B87212A3A76DF000415AD /* Main.storyboard in Resources */,
				A4003D932A3FA38900D3DC8E /* SidebarView.xib in Resources */,
				A49FD8392A3FB0DE00F47139 /* NoteEditorView.xib in Resources */,
			);
			runOnlyForDeploymentPostprocessing = 0;
		};
		A4E465102A35634900DD8B86 /* Resources */ = {
			isa = PBXResourcesBuildPhase;
			buildActionMask = 2147483647;
			files = (
				A4E465252A35634A00DD8B86 /* LaunchScreen.storyboard in Resources */,
				A4E465222A35634A00DD8B86 /* Assets.xcassets in Resources */,
			);
			runOnlyForDeploymentPostprocessing = 0;
		};
/* End PBXResourcesBuildPhase section */

/* Begin PBXSourcesBuildPhase section */
		A41B87102A3A76DE000415AD /* Sources */ = {
			isa = PBXSourcesBuildPhase;
			buildActionMask = 2147483647;
			files = (
				A41B87482A3A7D47000415AD /* ViewControllerPreview.swift in Sources */,
				A4003D8E2A3F706900D3DC8E /* NoteCellView.swift in Sources */,
				A40A83E42A3A80A300259015 /* ViewPreview.swift in Sources */,
				A4003D852A3EC17700D3DC8E /* MainWindowController.swift in Sources */,
				A41B87452A3A7BFF000415AD /* NSManagedObjectContext+Helpers.swift in Sources */,
				A41B87432A3A7BFA000415AD /* Schreiber.xcdatamodeld in Sources */,
				A41B87442A3A7BFC000415AD /* DataController.swift in Sources */,
				A4003D952A3FA4D000D3DC8E /* MainViewController.swift in Sources */,
				A41B87462A3A7C02000415AD /* Models.swift in Sources */,
				A4B12DF32A3BE3E1002F4E2C /* NotesViewController.swift in Sources */,
				A45580F02A4517E700EAE94F /* NotesView.swift in Sources */,
				A41B87192A3A76DE000415AD /* ViewController.swift in Sources */,
				A41B874C2A3AAA7B000415AD /* SidebarViewController.swift in Sources */,
				A422B73E2A44FED1000BB5F7 /* SidebarView.swift in Sources */,
				A489CBEC2A3BEA6900A26715 /* NoteEditorViewController.swift in Sources */,
				A41B87172A3A76DE000415AD /* AppDelegate.swift in Sources */,
			);
			runOnlyForDeploymentPostprocessing = 0;
		};
		A4E4650E2A35634900DD8B86 /* Sources */ = {
			isa = PBXSourcesBuildPhase;
			buildActionMask = 2147483647;
			files = (
				A4E465312A3573F400DD8B86 /* NoteEditorController.swift in Sources */,
				A415C00B2A4B96680045A928 /* TrashViewController.swift in Sources */,
				A4003D8D2A3F706900D3DC8E /* NoteCellView.swift in Sources */,
				A4E4652D2A3569CA00DD8B86 /* SidebarViewController.swift in Sources */,
				A4E4652F2A356F1200DD8B86 /* NotesViewController.swift in Sources */,
				A4E465202A35634900DD8B86 /* Schreiber.xcdatamodeld in Sources */,
				A4E465162A35634900DD8B86 /* AppDelegate.swift in Sources */,
				A40A83E32A3A80A300259015 /* ViewPreview.swift in Sources */,
				A4E465392A35802400DD8B86 /* NSManagedObjectContext+Helpers.swift in Sources */,
				A4E4653B2A36018E00DD8B86 /* RootViewController.swift in Sources */,
				A41B87492A3A7E1C000415AD /* ViewControllerPreview.swift in Sources */,
				A4E465352A357F1800DD8B86 /* DataController.swift in Sources */,
				A4E465372A357F6200DD8B86 /* Models.swift in Sources */,
				A4E465182A35634900DD8B86 /* SceneDelegate.swift in Sources */,
			);
			runOnlyForDeploymentPostprocessing = 0;
		};
/* End PBXSourcesBuildPhase section */

/* Begin PBXVariantGroup section */
		A41B871F2A3A76DF000415AD /* Main.storyboard */ = {
			isa = PBXVariantGroup;
			children = (
				A41B87202A3A76DF000415AD /* Base */,
			);
			name = Main.storyboard;
			sourceTree = "<group>";
		};
		A4E465232A35634A00DD8B86 /* LaunchScreen.storyboard */ = {
			isa = PBXVariantGroup;
			children = (
				A4E465242A35634A00DD8B86 /* Base */,
			);
			name = LaunchScreen.storyboard;
			sourceTree = "<group>";
		};
/* End PBXVariantGroup section */

/* Begin XCBuildConfiguration section */
		A41B87242A3A76DF000415AD /* Debug */ = {
			isa = XCBuildConfiguration;
			buildSettings = {
				ASSETCATALOG_COMPILER_APPICON_NAME = AppIcon;
				ASSETCATALOG_COMPILER_GLOBAL_ACCENT_COLOR_NAME = AccentColor;
				CODE_SIGN_ENTITLEMENTS = macOS/macOS.entitlements;
				CODE_SIGN_STYLE = Automatic;
				COMBINE_HIDPI_IMAGES = YES;
				CURRENT_PROJECT_VERSION = 1;
				DEVELOPMENT_TEAM = 45W2C2JZQ4;
				ENABLE_HARDENED_RUNTIME = YES;
				GCC_C_LANGUAGE_STANDARD = gnu11;
				GENERATE_INFOPLIST_FILE = YES;
				INFOPLIST_FILE = "";
				INFOPLIST_KEY_NSHumanReadableCopyright = "";
				INFOPLIST_KEY_NSMainStoryboardFile = Main;
				INFOPLIST_KEY_NSPrincipalClass = NSApplication;
				LD_RUNPATH_SEARCH_PATHS = (
					"$(inherited)",
					"@executable_path/../Frameworks",
				);
				MACOSX_DEPLOYMENT_TARGET = 13.0;
				MARKETING_VERSION = 1.0;
				PRODUCT_BUNDLE_IDENTIFIER = com.arvonit.Schreiber;
				PRODUCT_NAME = Schreiber;
				SDKROOT = macosx;
				SWIFT_ACTIVE_COMPILATION_CONDITIONS = DEBUG;
				SWIFT_EMIT_LOC_STRINGS = YES;
				SWIFT_VERSION = 5.0;
			};
			name = Debug;
		};
		A41B87252A3A76DF000415AD /* Release */ = {
			isa = XCBuildConfiguration;
			buildSettings = {
				ASSETCATALOG_COMPILER_APPICON_NAME = AppIcon;
				ASSETCATALOG_COMPILER_GLOBAL_ACCENT_COLOR_NAME = AccentColor;
				CODE_SIGN_ENTITLEMENTS = macOS/macOS.entitlements;
				CODE_SIGN_STYLE = Automatic;
				COMBINE_HIDPI_IMAGES = YES;
				CURRENT_PROJECT_VERSION = 1;
				DEVELOPMENT_TEAM = 45W2C2JZQ4;
				ENABLE_HARDENED_RUNTIME = YES;
				GCC_C_LANGUAGE_STANDARD = gnu11;
				GENERATE_INFOPLIST_FILE = YES;
				INFOPLIST_FILE = "";
				INFOPLIST_KEY_NSHumanReadableCopyright = "";
				INFOPLIST_KEY_NSMainStoryboardFile = Main;
				INFOPLIST_KEY_NSPrincipalClass = NSApplication;
				LD_RUNPATH_SEARCH_PATHS = (
					"$(inherited)",
					"@executable_path/../Frameworks",
				);
				MACOSX_DEPLOYMENT_TARGET = 13.0;
				MARKETING_VERSION = 1.0;
				PRODUCT_BUNDLE_IDENTIFIER = com.arvonit.Schreiber;
				PRODUCT_NAME = Schreiber;
				SDKROOT = macosx;
				SWIFT_EMIT_LOC_STRINGS = YES;
				SWIFT_OPTIMIZATION_LEVEL = "-O";
				SWIFT_VERSION = 5.0;
			};
			name = Release;
		};
		A4E465272A35634A00DD8B86 /* Debug */ = {
			isa = XCBuildConfiguration;
			buildSettings = {
				ALWAYS_SEARCH_USER_PATHS = NO;
				ASSETCATALOG_COMPILER_GENERATE_SWIFT_ASSET_SYMBOL_EXTENSIONS = YES;
				CLANG_ANALYZER_NONNULL = YES;
				CLANG_ANALYZER_NUMBER_OBJECT_CONVERSION = YES_AGGRESSIVE;
				CLANG_CXX_LANGUAGE_STANDARD = "gnu++20";
				CLANG_ENABLE_MODULES = YES;
				CLANG_ENABLE_OBJC_ARC = YES;
				CLANG_ENABLE_OBJC_WEAK = YES;
				CLANG_WARN_BLOCK_CAPTURE_AUTORELEASING = YES;
				CLANG_WARN_BOOL_CONVERSION = YES;
				CLANG_WARN_COMMA = YES;
				CLANG_WARN_CONSTANT_CONVERSION = YES;
				CLANG_WARN_DEPRECATED_OBJC_IMPLEMENTATIONS = YES;
				CLANG_WARN_DIRECT_OBJC_ISA_USAGE = YES_ERROR;
				CLANG_WARN_DOCUMENTATION_COMMENTS = YES;
				CLANG_WARN_EMPTY_BODY = YES;
				CLANG_WARN_ENUM_CONVERSION = YES;
				CLANG_WARN_INFINITE_RECURSION = YES;
				CLANG_WARN_INT_CONVERSION = YES;
				CLANG_WARN_NON_LITERAL_NULL_CONVERSION = YES;
				CLANG_WARN_OBJC_IMPLICIT_RETAIN_SELF = YES;
				CLANG_WARN_OBJC_LITERAL_CONVERSION = YES;
				CLANG_WARN_OBJC_ROOT_CLASS = YES_ERROR;
				CLANG_WARN_QUOTED_INCLUDE_IN_FRAMEWORK_HEADER = YES;
				CLANG_WARN_RANGE_LOOP_ANALYSIS = YES;
				CLANG_WARN_STRICT_PROTOTYPES = YES;
				CLANG_WARN_SUSPICIOUS_MOVE = YES;
				CLANG_WARN_UNGUARDED_AVAILABILITY = YES_AGGRESSIVE;
				CLANG_WARN_UNREACHABLE_CODE = YES;
				CLANG_WARN__DUPLICATE_METHOD_MATCH = YES;
				COPY_PHASE_STRIP = NO;
				DEBUG_INFORMATION_FORMAT = dwarf;
				ENABLE_STRICT_OBJC_MSGSEND = YES;
				ENABLE_TESTABILITY = YES;
				ENABLE_USER_SCRIPT_SANDBOXING = YES;
				GCC_C_LANGUAGE_STANDARD = gnu17;
				GCC_DYNAMIC_NO_PIC = NO;
				GCC_NO_COMMON_BLOCKS = YES;
				GCC_OPTIMIZATION_LEVEL = 0;
				GCC_PREPROCESSOR_DEFINITIONS = (
					"DEBUG=1",
					"$(inherited)",
				);
				GCC_WARN_64_TO_32_BIT_CONVERSION = YES;
				GCC_WARN_ABOUT_RETURN_TYPE = YES_ERROR;
				GCC_WARN_UNDECLARED_SELECTOR = YES;
				GCC_WARN_UNINITIALIZED_AUTOS = YES_AGGRESSIVE;
				GCC_WARN_UNUSED_FUNCTION = YES;
				GCC_WARN_UNUSED_VARIABLE = YES;
				IPHONEOS_DEPLOYMENT_TARGET = 17.0;
				LOCALIZATION_PREFERS_STRING_CATALOGS = YES;
				MTL_ENABLE_DEBUG_INFO = INCLUDE_SOURCE;
				MTL_FAST_MATH = YES;
				ONLY_ACTIVE_ARCH = YES;
				SDKROOT = iphoneos;
				SWIFT_ACTIVE_COMPILATION_CONDITIONS = "DEBUG $(inherited)";
				SWIFT_OPTIMIZATION_LEVEL = "-Onone";
			};
			name = Debug;
		};
		A4E465282A35634A00DD8B86 /* Release */ = {
			isa = XCBuildConfiguration;
			buildSettings = {
				ALWAYS_SEARCH_USER_PATHS = NO;
				ASSETCATALOG_COMPILER_GENERATE_SWIFT_ASSET_SYMBOL_EXTENSIONS = YES;
				CLANG_ANALYZER_NONNULL = YES;
				CLANG_ANALYZER_NUMBER_OBJECT_CONVERSION = YES_AGGRESSIVE;
				CLANG_CXX_LANGUAGE_STANDARD = "gnu++20";
				CLANG_ENABLE_MODULES = YES;
				CLANG_ENABLE_OBJC_ARC = YES;
				CLANG_ENABLE_OBJC_WEAK = YES;
				CLANG_WARN_BLOCK_CAPTURE_AUTORELEASING = YES;
				CLANG_WARN_BOOL_CONVERSION = YES;
				CLANG_WARN_COMMA = YES;
				CLANG_WARN_CONSTANT_CONVERSION = YES;
				CLANG_WARN_DEPRECATED_OBJC_IMPLEMENTATIONS = YES;
				CLANG_WARN_DIRECT_OBJC_ISA_USAGE = YES_ERROR;
				CLANG_WARN_DOCUMENTATION_COMMENTS = YES;
				CLANG_WARN_EMPTY_BODY = YES;
				CLANG_WARN_ENUM_CONVERSION = YES;
				CLANG_WARN_INFINITE_RECURSION = YES;
				CLANG_WARN_INT_CONVERSION = YES;
				CLANG_WARN_NON_LITERAL_NULL_CONVERSION = YES;
				CLANG_WARN_OBJC_IMPLICIT_RETAIN_SELF = YES;
				CLANG_WARN_OBJC_LITERAL_CONVERSION = YES;
				CLANG_WARN_OBJC_ROOT_CLASS = YES_ERROR;
				CLANG_WARN_QUOTED_INCLUDE_IN_FRAMEWORK_HEADER = YES;
				CLANG_WARN_RANGE_LOOP_ANALYSIS = YES;
				CLANG_WARN_STRICT_PROTOTYPES = YES;
				CLANG_WARN_SUSPICIOUS_MOVE = YES;
				CLANG_WARN_UNGUARDED_AVAILABILITY = YES_AGGRESSIVE;
				CLANG_WARN_UNREACHABLE_CODE = YES;
				CLANG_WARN__DUPLICATE_METHOD_MATCH = YES;
				COPY_PHASE_STRIP = NO;
				DEBUG_INFORMATION_FORMAT = "dwarf-with-dsym";
				ENABLE_NS_ASSERTIONS = NO;
				ENABLE_STRICT_OBJC_MSGSEND = YES;
				ENABLE_USER_SCRIPT_SANDBOXING = YES;
				GCC_C_LANGUAGE_STANDARD = gnu17;
				GCC_NO_COMMON_BLOCKS = YES;
				GCC_WARN_64_TO_32_BIT_CONVERSION = YES;
				GCC_WARN_ABOUT_RETURN_TYPE = YES_ERROR;
				GCC_WARN_UNDECLARED_SELECTOR = YES;
				GCC_WARN_UNINITIALIZED_AUTOS = YES_AGGRESSIVE;
				GCC_WARN_UNUSED_FUNCTION = YES;
				GCC_WARN_UNUSED_VARIABLE = YES;
				IPHONEOS_DEPLOYMENT_TARGET = 17.0;
				LOCALIZATION_PREFERS_STRING_CATALOGS = YES;
				MTL_ENABLE_DEBUG_INFO = NO;
				MTL_FAST_MATH = YES;
				SDKROOT = iphoneos;
				SWIFT_COMPILATION_MODE = wholemodule;
				VALIDATE_PRODUCT = YES;
			};
			name = Release;
		};
		A4E4652A2A35634A00DD8B86 /* Debug */ = {
			isa = XCBuildConfiguration;
			buildSettings = {
				ASSETCATALOG_COMPILER_APPICON_NAME = AppIcon;
				ASSETCATALOG_COMPILER_GLOBAL_ACCENT_COLOR_NAME = AccentColor;
				CODE_SIGN_ENTITLEMENTS = iOS/iOS.entitlements;
				CODE_SIGN_STYLE = Automatic;
				CURRENT_PROJECT_VERSION = 1;
				DEVELOPMENT_TEAM = 45W2C2JZQ4;
				GENERATE_INFOPLIST_FILE = YES;
				INFOPLIST_FILE = iOS/Info.plist;
				INFOPLIST_KEY_UIApplicationSupportsIndirectInputEvents = YES;
				INFOPLIST_KEY_UILaunchStoryboardName = LaunchScreen;
				INFOPLIST_KEY_UISupportedInterfaceOrientations_iPad = "UIInterfaceOrientationPortrait UIInterfaceOrientationPortraitUpsideDown UIInterfaceOrientationLandscapeLeft UIInterfaceOrientationLandscapeRight";
				INFOPLIST_KEY_UISupportedInterfaceOrientations_iPhone = "UIInterfaceOrientationPortrait UIInterfaceOrientationLandscapeLeft UIInterfaceOrientationLandscapeRight";
				IPHONEOS_DEPLOYMENT_TARGET = 16.0;
				LD_RUNPATH_SEARCH_PATHS = (
					"$(inherited)",
					"@executable_path/Frameworks",
				);
				MARKETING_VERSION = 1.0;
				PRODUCT_BUNDLE_IDENTIFIER = com.arvonit.Schreiber;
				PRODUCT_NAME = Schreiber;
				SUPPORTED_PLATFORMS = "iphoneos iphonesimulator";
				SUPPORTS_MACCATALYST = YES;
				SUPPORTS_MAC_DESIGNED_FOR_IPHONE_IPAD = NO;
				SUPPORTS_XR_DESIGNED_FOR_IPHONE_IPAD = NO;
				SWIFT_EMIT_LOC_STRINGS = YES;
				SWIFT_VERSION = 5.0;
				TARGETED_DEVICE_FAMILY = "1,2,6";
			};
			name = Debug;
		};
		A4E4652B2A35634A00DD8B86 /* Release */ = {
			isa = XCBuildConfiguration;
			buildSettings = {
				ASSETCATALOG_COMPILER_APPICON_NAME = AppIcon;
				ASSETCATALOG_COMPILER_GLOBAL_ACCENT_COLOR_NAME = AccentColor;
				CODE_SIGN_ENTITLEMENTS = iOS/iOS.entitlements;
				CODE_SIGN_STYLE = Automatic;
				CURRENT_PROJECT_VERSION = 1;
				DEVELOPMENT_TEAM = 45W2C2JZQ4;
				GENERATE_INFOPLIST_FILE = YES;
				INFOPLIST_FILE = iOS/Info.plist;
				INFOPLIST_KEY_UIApplicationSupportsIndirectInputEvents = YES;
				INFOPLIST_KEY_UILaunchStoryboardName = LaunchScreen;
				INFOPLIST_KEY_UISupportedInterfaceOrientations_iPad = "UIInterfaceOrientationPortrait UIInterfaceOrientationPortraitUpsideDown UIInterfaceOrientationLandscapeLeft UIInterfaceOrientationLandscapeRight";
				INFOPLIST_KEY_UISupportedInterfaceOrientations_iPhone = "UIInterfaceOrientationPortrait UIInterfaceOrientationLandscapeLeft UIInterfaceOrientationLandscapeRight";
				IPHONEOS_DEPLOYMENT_TARGET = 16.0;
				LD_RUNPATH_SEARCH_PATHS = (
					"$(inherited)",
					"@executable_path/Frameworks",
				);
				MARKETING_VERSION = 1.0;
				PRODUCT_BUNDLE_IDENTIFIER = com.arvonit.Schreiber;
				PRODUCT_NAME = Schreiber;
				SUPPORTED_PLATFORMS = "iphoneos iphonesimulator";
				SUPPORTS_MACCATALYST = YES;
				SUPPORTS_MAC_DESIGNED_FOR_IPHONE_IPAD = NO;
				SUPPORTS_XR_DESIGNED_FOR_IPHONE_IPAD = NO;
				SWIFT_EMIT_LOC_STRINGS = YES;
				SWIFT_VERSION = 5.0;
				TARGETED_DEVICE_FAMILY = "1,2,6";
			};
			name = Release;
		};
/* End XCBuildConfiguration section */

/* Begin XCConfigurationList section */
		A41B87232A3A76DF000415AD /* Build configuration list for PBXNativeTarget "Schreiber (macOS)" */ = {
			isa = XCConfigurationList;
			buildConfigurations = (
				A41B87242A3A76DF000415AD /* Debug */,
				A41B87252A3A76DF000415AD /* Release */,
			);
			defaultConfigurationIsVisible = 0;
			defaultConfigurationName = Release;
		};
		A4E4650D2A35634900DD8B86 /* Build configuration list for PBXProject "Schreiber" */ = {
			isa = XCConfigurationList;
			buildConfigurations = (
				A4E465272A35634A00DD8B86 /* Debug */,
				A4E465282A35634A00DD8B86 /* Release */,
			);
			defaultConfigurationIsVisible = 0;
			defaultConfigurationName = Release;
		};
		A4E465292A35634A00DD8B86 /* Build configuration list for PBXNativeTarget "Schreiber (iOS)" */ = {
			isa = XCConfigurationList;
			buildConfigurations = (
				A4E4652A2A35634A00DD8B86 /* Debug */,
				A4E4652B2A35634A00DD8B86 /* Release */,
			);
			defaultConfigurationIsVisible = 0;
			defaultConfigurationName = Release;
		};
/* End XCConfigurationList section */

/* Begin XCVersionGroup section */
		A4E4651E2A35634900DD8B86 /* Schreiber.xcdatamodeld */ = {
			isa = XCVersionGroup;
			children = (
				A4E4651F2A35634900DD8B86 /* Schreiber.xcdatamodel */,
			);
			currentVersion = A4E4651F2A35634900DD8B86 /* Schreiber.xcdatamodel */;
			path = Schreiber.xcdatamodeld;
			sourceTree = "<group>";
			versionGroupType = wrapper.xcdatamodel;
		};
/* End XCVersionGroup section */
	};
	rootObject = A4E4650A2A35634900DD8B86 /* Project object */;
}
