// !$*UTF8*$!
{
	archiveVersion = 1;
	classes = {
	};
	objectVersion = 56;
	objects = {

/* Begin PBXBuildFile section */
		A421D0312A36A2A400FF0613 /* TestViewController.swift in Sources */ = {isa = PBXBuildFile; fileRef = A421D0302A36A2A400FF0613 /* TestViewController.swift */; };
		A4E465162A35634900DD8B86 /* AppDelegate.swift in Sources */ = {isa = PBXBuildFile; fileRef = A4E465152A35634900DD8B86 /* AppDelegate.swift */; };
		A4E465182A35634900DD8B86 /* SceneDelegate.swift in Sources */ = {isa = PBXBuildFile; fileRef = A4E465172A35634900DD8B86 /* SceneDelegate.swift */; };
		A4E465202A35634900DD8B86 /* Schreiber.xcdatamodeld in Sources */ = {isa = PBXBuildFile; fileRef = A4E4651E2A35634900DD8B86 /* Schreiber.xcdatamodeld */; };
		A4E465222A35634A00DD8B86 /* Assets.xcassets in Resources */ = {isa = PBXBuildFile; fileRef = A4E465212A35634A00DD8B86 /* Assets.xcassets */; };
		A4E465252A35634A00DD8B86 /* LaunchScreen.storyboard in Resources */ = {isa = PBXBuildFile; fileRef = A4E465232A35634A00DD8B86 /* LaunchScreen.storyboard */; };
		A4E4652D2A3569CA00DD8B86 /* FoldersViewController.swift in Sources */ = {isa = PBXBuildFile; fileRef = A4E4652C2A3569CA00DD8B86 /* FoldersViewController.swift */; };
		A4E4652F2A356F1200DD8B86 /* NotesViewController.swift in Sources */ = {isa = PBXBuildFile; fileRef = A4E4652E2A356F1200DD8B86 /* NotesViewController.swift */; };
		A4E465312A3573F400DD8B86 /* NoteEditorController.swift in Sources */ = {isa = PBXBuildFile; fileRef = A4E465302A3573F400DD8B86 /* NoteEditorController.swift */; };
		A4E465332A35762700DD8B86 /* ViewControllerPreview.swift in Sources */ = {isa = PBXBuildFile; fileRef = A4E465322A35762700DD8B86 /* ViewControllerPreview.swift */; };
		A4E465352A357F1800DD8B86 /* DataController.swift in Sources */ = {isa = PBXBuildFile; fileRef = A4E465342A357F1800DD8B86 /* DataController.swift */; };
		A4E465372A357F6200DD8B86 /* Models.swift in Sources */ = {isa = PBXBuildFile; fileRef = A4E465362A357F6200DD8B86 /* Models.swift */; };
		A4E465392A35802400DD8B86 /* NSManagedObjectContext+Helpers.swift in Sources */ = {isa = PBXBuildFile; fileRef = A4E465382A35802400DD8B86 /* NSManagedObjectContext+Helpers.swift */; };
		A4E4653B2A36018E00DD8B86 /* TripleColumnViewController.swift in Sources */ = {isa = PBXBuildFile; fileRef = A4E4653A2A36018E00DD8B86 /* TripleColumnViewController.swift */; };
/* End PBXBuildFile section */

/* Begin PBXFileReference section */
		A421D0302A36A2A400FF0613 /* TestViewController.swift */ = {isa = PBXFileReference; lastKnownFileType = sourcecode.swift; path = TestViewController.swift; sourceTree = "<group>"; };
		A4E465122A35634900DD8B86 /* Schreiber.app */ = {isa = PBXFileReference; explicitFileType = wrapper.application; includeInIndex = 0; path = Schreiber.app; sourceTree = BUILT_PRODUCTS_DIR; };
		A4E465152A35634900DD8B86 /* AppDelegate.swift */ = {isa = PBXFileReference; lastKnownFileType = sourcecode.swift; path = AppDelegate.swift; sourceTree = "<group>"; };
		A4E465172A35634900DD8B86 /* SceneDelegate.swift */ = {isa = PBXFileReference; lastKnownFileType = sourcecode.swift; path = SceneDelegate.swift; sourceTree = "<group>"; };
		A4E4651F2A35634900DD8B86 /* Schreiber.xcdatamodel */ = {isa = PBXFileReference; lastKnownFileType = wrapper.xcdatamodel; path = Schreiber.xcdatamodel; sourceTree = "<group>"; };
		A4E465212A35634A00DD8B86 /* Assets.xcassets */ = {isa = PBXFileReference; lastKnownFileType = folder.assetcatalog; path = Assets.xcassets; sourceTree = "<group>"; };
		A4E465242A35634A00DD8B86 /* Base */ = {isa = PBXFileReference; lastKnownFileType = file.storyboard; name = Base; path = Base.lproj/LaunchScreen.storyboard; sourceTree = "<group>"; };
		A4E465262A35634A00DD8B86 /* Info.plist */ = {isa = PBXFileReference; lastKnownFileType = text.plist.xml; path = Info.plist; sourceTree = "<group>"; };
		A4E4652C2A3569CA00DD8B86 /* FoldersViewController.swift */ = {isa = PBXFileReference; lastKnownFileType = sourcecode.swift; path = FoldersViewController.swift; sourceTree = "<group>"; };
		A4E4652E2A356F1200DD8B86 /* NotesViewController.swift */ = {isa = PBXFileReference; lastKnownFileType = sourcecode.swift; path = NotesViewController.swift; sourceTree = "<group>"; };
		A4E465302A3573F400DD8B86 /* NoteEditorController.swift */ = {isa = PBXFileReference; lastKnownFileType = sourcecode.swift; path = NoteEditorController.swift; sourceTree = "<group>"; };
		A4E465322A35762700DD8B86 /* ViewControllerPreview.swift */ = {isa = PBXFileReference; lastKnownFileType = sourcecode.swift; path = ViewControllerPreview.swift; sourceTree = "<group>"; };
		A4E465342A357F1800DD8B86 /* DataController.swift */ = {isa = PBXFileReference; lastKnownFileType = sourcecode.swift; path = DataController.swift; sourceTree = "<group>"; };
		A4E465362A357F6200DD8B86 /* Models.swift */ = {isa = PBXFileReference; lastKnownFileType = sourcecode.swift; path = Models.swift; sourceTree = "<group>"; };
		A4E465382A35802400DD8B86 /* NSManagedObjectContext+Helpers.swift */ = {isa = PBXFileReference; lastKnownFileType = sourcecode.swift; path = "NSManagedObjectContext+Helpers.swift"; sourceTree = "<group>"; };
		A4E4653A2A36018E00DD8B86 /* TripleColumnViewController.swift */ = {isa = PBXFileReference; lastKnownFileType = sourcecode.swift; path = TripleColumnViewController.swift; sourceTree = "<group>"; };
/* End PBXFileReference section */

/* Begin PBXFrameworksBuildPhase section */
		A4E4650F2A35634900DD8B86 /* Frameworks */ = {
			isa = PBXFrameworksBuildPhase;
			buildActionMask = 2147483647;
			files = (
			);
			runOnlyForDeploymentPostprocessing = 0;
		};
/* End PBXFrameworksBuildPhase section */

/* Begin PBXGroup section */
		A4E465092A35634900DD8B86 = {
			isa = PBXGroup;
			children = (
				A4E465142A35634900DD8B86 /* Schreiber */,
				A4E465132A35634900DD8B86 /* Products */,
			);
			sourceTree = "<group>";
		};
		A4E465132A35634900DD8B86 /* Products */ = {
			isa = PBXGroup;
			children = (
				A4E465122A35634900DD8B86 /* Schreiber.app */,
			);
			name = Products;
			sourceTree = "<group>";
		};
		A4E465142A35634900DD8B86 /* Schreiber */ = {
			isa = PBXGroup;
			children = (
				A4E465152A35634900DD8B86 /* AppDelegate.swift */,
				A4E465172A35634900DD8B86 /* SceneDelegate.swift */,
				A4E465212A35634A00DD8B86 /* Assets.xcassets */,
				A4E465232A35634A00DD8B86 /* LaunchScreen.storyboard */,
				A4E465262A35634A00DD8B86 /* Info.plist */,
				A4E4651E2A35634900DD8B86 /* Schreiber.xcdatamodeld */,
				A4E4653A2A36018E00DD8B86 /* TripleColumnViewController.swift */,
				A4E4652C2A3569CA00DD8B86 /* FoldersViewController.swift */,
				A4E4652E2A356F1200DD8B86 /* NotesViewController.swift */,
				A4E465302A3573F400DD8B86 /* NoteEditorController.swift */,
				A4E465322A35762700DD8B86 /* ViewControllerPreview.swift */,
				A4E465342A357F1800DD8B86 /* DataController.swift */,
				A4E465382A35802400DD8B86 /* NSManagedObjectContext+Helpers.swift */,
				A4E465362A357F6200DD8B86 /* Models.swift */,
				A421D0302A36A2A400FF0613 /* TestViewController.swift */,
			);
			path = Schreiber;
			sourceTree = "<group>";
		};
/* End PBXGroup section */

/* Begin PBXNativeTarget section */
		A4E465112A35634900DD8B86 /* Schreiber */ = {
			isa = PBXNativeTarget;
			buildConfigurationList = A4E465292A35634A00DD8B86 /* Build configuration list for PBXNativeTarget "Schreiber" */;
			buildPhases = (
				A4E4650E2A35634900DD8B86 /* Sources */,
				A4E4650F2A35634900DD8B86 /* Frameworks */,
				A4E465102A35634900DD8B86 /* Resources */,
			);
			buildRules = (
			);
			dependencies = (
			);
			name = Schreiber;
			productName = Schreiber;
			productReference = A4E465122A35634900DD8B86 /* Schreiber.app */;
			productType = "com.apple.product-type.application";
		};
/* End PBXNativeTarget section */

/* Begin PBXProject section */
		A4E4650A2A35634900DD8B86 /* Project object */ = {
			isa = PBXProject;
			attributes = {
				BuildIndependentTargetsInParallel = 1;
				LastSwiftUpdateCheck = 1500;
				LastUpgradeCheck = 1500;
				TargetAttributes = {
					A4E465112A35634900DD8B86 = {
						CreatedOnToolsVersion = 15.0;
					};
				};
			};
			buildConfigurationList = A4E4650D2A35634900DD8B86 /* Build configuration list for PBXProject "Schreiber" */;
			compatibilityVersion = "Xcode 14.0";
			developmentRegion = en;
			hasScannedForEncodings = 0;
			knownRegions = (
				en,
				Base,
			);
			mainGroup = A4E465092A35634900DD8B86;
			productRefGroup = A4E465132A35634900DD8B86 /* Products */;
			projectDirPath = "";
			projectRoot = "";
			targets = (
				A4E465112A35634900DD8B86 /* Schreiber */,
			);
		};
/* End PBXProject section */

/* Begin PBXResourcesBuildPhase section */
		A4E465102A35634900DD8B86 /* Resources */ = {
			isa = PBXResourcesBuildPhase;
			buildActionMask = 2147483647;
			files = (
				A4E465252A35634A00DD8B86 /* LaunchScreen.storyboard in Resources */,
				A4E465222A35634A00DD8B86 /* Assets.xcassets in Resources */,
			);
			runOnlyForDeploymentPostprocessing = 0;
		};
/* End PBXResourcesBuildPhase section */

/* Begin PBXSourcesBuildPhase section */
		A4E4650E2A35634900DD8B86 /* Sources */ = {
			isa = PBXSourcesBuildPhase;
			buildActionMask = 2147483647;
			files = (
				A4E465312A3573F400DD8B86 /* NoteEditorController.swift in Sources */,
				A4E4652D2A3569CA00DD8B86 /* FoldersViewController.swift in Sources */,
				A4E4652F2A356F1200DD8B86 /* NotesViewController.swift in Sources */,
				A4E465202A35634900DD8B86 /* Schreiber.xcdatamodeld in Sources */,
				A4E465162A35634900DD8B86 /* AppDelegate.swift in Sources */,
				A4E465392A35802400DD8B86 /* NSManagedObjectContext+Helpers.swift in Sources */,
				A4E4653B2A36018E00DD8B86 /* TripleColumnViewController.swift in Sources */,
				A4E465352A357F1800DD8B86 /* DataController.swift in Sources */,
				A4E465372A357F6200DD8B86 /* Models.swift in Sources */,
				A4E465182A35634900DD8B86 /* SceneDelegate.swift in Sources */,
				A421D0312A36A2A400FF0613 /* TestViewController.swift in Sources */,
				A4E465332A35762700DD8B86 /* ViewControllerPreview.swift in Sources */,
			);
			runOnlyForDeploymentPostprocessing = 0;
		};
/* End PBXSourcesBuildPhase section */

/* Begin PBXVariantGroup section */
		A4E465232A35634A00DD8B86 /* LaunchScreen.storyboard */ = {
			isa = PBXVariantGroup;
			children = (
				A4E465242A35634A00DD8B86 /* Base */,
			);
			name = LaunchScreen.storyboard;
			sourceTree = "<group>";
		};
/* End PBXVariantGroup section */

/* Begin XCBuildConfiguration section */
		A4E465272A35634A00DD8B86 /* Debug */ = {
			isa = XCBuildConfiguration;
			buildSettings = {
				ALWAYS_SEARCH_USER_PATHS = NO;
				ASSETCATALOG_COMPILER_GENERATE_SWIFT_ASSET_SYMBOL_EXTENSIONS = YES;
				CLANG_ANALYZER_NONNULL = YES;
				CLANG_ANALYZER_NUMBER_OBJECT_CONVERSION = YES_AGGRESSIVE;
				CLANG_CXX_LANGUAGE_STANDARD = "gnu++20";
				CLANG_ENABLE_MODULES = YES;
				CLANG_ENABLE_OBJC_ARC = YES;
				CLANG_ENABLE_OBJC_WEAK = YES;
				CLANG_WARN_BLOCK_CAPTURE_AUTORELEASING = YES;
				CLANG_WARN_BOOL_CONVERSION = YES;
				CLANG_WARN_COMMA = YES;
				CLANG_WARN_CONSTANT_CONVERSION = YES;
				CLANG_WARN_DEPRECATED_OBJC_IMPLEMENTATIONS = YES;
				CLANG_WARN_DIRECT_OBJC_ISA_USAGE = YES_ERROR;
				CLANG_WARN_DOCUMENTATION_COMMENTS = YES;
				CLANG_WARN_EMPTY_BODY = YES;
				CLANG_WARN_ENUM_CONVERSION = YES;
				CLANG_WARN_INFINITE_RECURSION = YES;
				CLANG_WARN_INT_CONVERSION = YES;
				CLANG_WARN_NON_LITERAL_NULL_CONVERSION = YES;
				CLANG_WARN_OBJC_IMPLICIT_RETAIN_SELF = YES;
				CLANG_WARN_OBJC_LITERAL_CONVERSION = YES;
				CLANG_WARN_OBJC_ROOT_CLASS = YES_ERROR;
				CLANG_WARN_QUOTED_INCLUDE_IN_FRAMEWORK_HEADER = YES;
				CLANG_WARN_RANGE_LOOP_ANALYSIS = YES;
				CLANG_WARN_STRICT_PROTOTYPES = YES;
				CLANG_WARN_SUSPICIOUS_MOVE = YES;
				CLANG_WARN_UNGUARDED_AVAILABILITY = YES_AGGRESSIVE;
				CLANG_WARN_UNREACHABLE_CODE = YES;
				CLANG_WARN__DUPLICATE_METHOD_MATCH = YES;
				COPY_PHASE_STRIP = NO;
				DEBUG_INFORMATION_FORMAT = dwarf;
				ENABLE_STRICT_OBJC_MSGSEND = YES;
				ENABLE_TESTABILITY = YES;
				ENABLE_USER_SCRIPT_SANDBOXING = YES;
				GCC_C_LANGUAGE_STANDARD = gnu17;
				GCC_DYNAMIC_NO_PIC = NO;
				GCC_NO_COMMON_BLOCKS = YES;
				GCC_OPTIMIZATION_LEVEL = 0;
				GCC_PREPROCESSOR_DEFINITIONS = (
					"DEBUG=1",
					"$(inherited)",
				);
				GCC_WARN_64_TO_32_BIT_CONVERSION = YES;
				GCC_WARN_ABOUT_RETURN_TYPE = YES_ERROR;
				GCC_WARN_UNDECLARED_SELECTOR = YES;
				GCC_WARN_UNINITIALIZED_AUTOS = YES_AGGRESSIVE;
				GCC_WARN_UNUSED_FUNCTION = YES;
				GCC_WARN_UNUSED_VARIABLE = YES;
				IPHONEOS_DEPLOYMENT_TARGET = 17.0;
				LOCALIZATION_PREFERS_STRING_CATALOGS = YES;
				MTL_ENABLE_DEBUG_INFO = INCLUDE_SOURCE;
				MTL_FAST_MATH = YES;
				ONLY_ACTIVE_ARCH = YES;
				SDKROOT = iphoneos;
				SWIFT_ACTIVE_COMPILATION_CONDITIONS = "DEBUG $(inherited)";
				SWIFT_OPTIMIZATION_LEVEL = "-Onone";
			};
			name = Debug;
		};
		A4E465282A35634A00DD8B86 /* Release */ = {
			isa = XCBuildConfiguration;
			buildSettings = {
				ALWAYS_SEARCH_USER_PATHS = NO;
				ASSETCATALOG_COMPILER_GENERATE_SWIFT_ASSET_SYMBOL_EXTENSIONS = YES;
				CLANG_ANALYZER_NONNULL = YES;
				CLANG_ANALYZER_NUMBER_OBJECT_CONVERSION = YES_AGGRESSIVE;
				CLANG_CXX_LANGUAGE_STANDARD = "gnu++20";
				CLANG_ENABLE_MODULES = YES;
				CLANG_ENABLE_OBJC_ARC = YES;
				CLANG_ENABLE_OBJC_WEAK = YES;
				CLANG_WARN_BLOCK_CAPTURE_AUTORELEASING = YES;
				CLANG_WARN_BOOL_CONVERSION = YES;
				CLANG_WARN_COMMA = YES;
				CLANG_WARN_CONSTANT_CONVERSION = YES;
				CLANG_WARN_DEPRECATED_OBJC_IMPLEMENTATIONS = YES;
				CLANG_WARN_DIRECT_OBJC_ISA_USAGE = YES_ERROR;
				CLANG_WARN_DOCUMENTATION_COMMENTS = YES;
				CLANG_WARN_EMPTY_BODY = YES;
				CLANG_WARN_ENUM_CONVERSION = YES;
				CLANG_WARN_INFINITE_RECURSION = YES;
				CLANG_WARN_INT_CONVERSION = YES;
				CLANG_WARN_NON_LITERAL_NULL_CONVERSION = YES;
				CLANG_WARN_OBJC_IMPLICIT_RETAIN_SELF = YES;
				CLANG_WARN_OBJC_LITERAL_CONVERSION = YES;
				CLANG_WARN_OBJC_ROOT_CLASS = YES_ERROR;
				CLANG_WARN_QUOTED_INCLUDE_IN_FRAMEWORK_HEADER = YES;
				CLANG_WARN_RANGE_LOOP_ANALYSIS = YES;
				CLANG_WARN_STRICT_PROTOTYPES = YES;
				CLANG_WARN_SUSPICIOUS_MOVE = YES;
				CLANG_WARN_UNGUARDED_AVAILABILITY = YES_AGGRESSIVE;
				CLANG_WARN_UNREACHABLE_CODE = YES;
				CLANG_WARN__DUPLICATE_METHOD_MATCH = YES;
				COPY_PHASE_STRIP = NO;
				DEBUG_INFORMATION_FORMAT = "dwarf-with-dsym";
				ENABLE_NS_ASSERTIONS = NO;
				ENABLE_STRICT_OBJC_MSGSEND = YES;
				ENABLE_USER_SCRIPT_SANDBOXING = YES;
				GCC_C_LANGUAGE_STANDARD = gnu17;
				GCC_NO_COMMON_BLOCKS = YES;
				GCC_WARN_64_TO_32_BIT_CONVERSION = YES;
				GCC_WARN_ABOUT_RETURN_TYPE = YES_ERROR;
				GCC_WARN_UNDECLARED_SELECTOR = YES;
				GCC_WARN_UNINITIALIZED_AUTOS = YES_AGGRESSIVE;
				GCC_WARN_UNUSED_FUNCTION = YES;
				GCC_WARN_UNUSED_VARIABLE = YES;
				IPHONEOS_DEPLOYMENT_TARGET = 17.0;
				LOCALIZATION_PREFERS_STRING_CATALOGS = YES;
				MTL_ENABLE_DEBUG_INFO = NO;
				MTL_FAST_MATH = YES;
				SDKROOT = iphoneos;
				SWIFT_COMPILATION_MODE = wholemodule;
				VALIDATE_PRODUCT = YES;
			};
			name = Release;
		};
		A4E4652A2A35634A00DD8B86 /* Debug */ = {
			isa = XCBuildConfiguration;
			buildSettings = {
				ASSETCATALOG_COMPILER_APPICON_NAME = AppIcon;
				ASSETCATALOG_COMPILER_GLOBAL_ACCENT_COLOR_NAME = AccentColor;
				CODE_SIGN_STYLE = Automatic;
				CURRENT_PROJECT_VERSION = 1;
				DEVELOPMENT_TEAM = 45W2C2JZQ4;
				GENERATE_INFOPLIST_FILE = YES;
				INFOPLIST_FILE = Schreiber/Info.plist;
				INFOPLIST_KEY_UIApplicationSupportsIndirectInputEvents = YES;
				INFOPLIST_KEY_UILaunchStoryboardName = LaunchScreen;
				INFOPLIST_KEY_UISupportedInterfaceOrientations_iPad = "UIInterfaceOrientationPortrait UIInterfaceOrientationPortraitUpsideDown UIInterfaceOrientationLandscapeLeft UIInterfaceOrientationLandscapeRight";
				INFOPLIST_KEY_UISupportedInterfaceOrientations_iPhone = "UIInterfaceOrientationPortrait UIInterfaceOrientationLandscapeLeft UIInterfaceOrientationLandscapeRight";
				IPHONEOS_DEPLOYMENT_TARGET = 16.0;
				LD_RUNPATH_SEARCH_PATHS = (
					"$(inherited)",
					"@executable_path/Frameworks",
				);
				MARKETING_VERSION = 1.0;
				PRODUCT_BUNDLE_IDENTIFIER = com.arvonit.Schreiber;
				PRODUCT_NAME = "$(TARGET_NAME)";
				SWIFT_EMIT_LOC_STRINGS = YES;
				SWIFT_VERSION = 5.0;
				TARGETED_DEVICE_FAMILY = "1,2";
			};
			name = Debug;
		};
		A4E4652B2A35634A00DD8B86 /* Release */ = {
			isa = XCBuildConfiguration;
			buildSettings = {
				ASSETCATALOG_COMPILER_APPICON_NAME = AppIcon;
				ASSETCATALOG_COMPILER_GLOBAL_ACCENT_COLOR_NAME = AccentColor;
				CODE_SIGN_STYLE = Automatic;
				CURRENT_PROJECT_VERSION = 1;
				DEVELOPMENT_TEAM = 45W2C2JZQ4;
				GENERATE_INFOPLIST_FILE = YES;
				INFOPLIST_FILE = Schreiber/Info.plist;
				INFOPLIST_KEY_UIApplicationSupportsIndirectInputEvents = YES;
				INFOPLIST_KEY_UILaunchStoryboardName = LaunchScreen;
				INFOPLIST_KEY_UISupportedInterfaceOrientations_iPad = "UIInterfaceOrientationPortrait UIInterfaceOrientationPortraitUpsideDown UIInterfaceOrientationLandscapeLeft UIInterfaceOrientationLandscapeRight";
				INFOPLIST_KEY_UISupportedInterfaceOrientations_iPhone = "UIInterfaceOrientationPortrait UIInterfaceOrientationLandscapeLeft UIInterfaceOrientationLandscapeRight";
				IPHONEOS_DEPLOYMENT_TARGET = 16.0;
				LD_RUNPATH_SEARCH_PATHS = (
					"$(inherited)",
					"@executable_path/Frameworks",
				);
				MARKETING_VERSION = 1.0;
				PRODUCT_BUNDLE_IDENTIFIER = com.arvonit.Schreiber;
				PRODUCT_NAME = "$(TARGET_NAME)";
				SWIFT_EMIT_LOC_STRINGS = YES;
				SWIFT_VERSION = 5.0;
				TARGETED_DEVICE_FAMILY = "1,2";
			};
			name = Release;
		};
/* End XCBuildConfiguration section */

/* Begin XCConfigurationList section */
		A4E4650D2A35634900DD8B86 /* Build configuration list for PBXProject "Schreiber" */ = {
			isa = XCConfigurationList;
			buildConfigurations = (
				A4E465272A35634A00DD8B86 /* Debug */,
				A4E465282A35634A00DD8B86 /* Release */,
			);
			defaultConfigurationIsVisible = 0;
			defaultConfigurationName = Release;
		};
		A4E465292A35634A00DD8B86 /* Build configuration list for PBXNativeTarget "Schreiber" */ = {
			isa = XCConfigurationList;
			buildConfigurations = (
				A4E4652A2A35634A00DD8B86 /* Debug */,
				A4E4652B2A35634A00DD8B86 /* Release */,
			);
			defaultConfigurationIsVisible = 0;
			defaultConfigurationName = Release;
		};
/* End XCConfigurationList section */

/* Begin XCVersionGroup section */
		A4E4651E2A35634900DD8B86 /* Schreiber.xcdatamodeld */ = {
			isa = XCVersionGroup;
			children = (
				A4E4651F2A35634900DD8B86 /* Schreiber.xcdatamodel */,
			);
			currentVersion = A4E4651F2A35634900DD8B86 /* Schreiber.xcdatamodel */;
			path = Schreiber.xcdatamodeld;
			sourceTree = "<group>";
			versionGroupType = wrapper.xcdatamodel;
		};
/* End XCVersionGroup section */
	};
	rootObject = A4E4650A2A35634900DD8B86 /* Project object */;
}
